
Microsoft Visual Studio Solution File, Format Version 12.00
# Visual Studio Version 17
VisualStudioVersion = 17.11.35222.181
MinimumVisualStudioVersion = 10.0.40219.1
Project("{8BC9CEB8-8B4A-11D0-8D11-00A0C91BC942}") = "GraphEditorT", "GraphEditorT\GraphEditorT.vcxproj", "{D9CB33E3-782E-42B3-AFC6-0831F9BBC754}"
EndProject
Global
	GlobalSection(SolutionConfigurationPlatforms) = preSolution
		Debug|x64 = Debug|x64
		Debug|x86 = Debug|x86
		Release|x64 = Release|x64
		Release|x86 = Release|x86
	EndGlobalSection
	GlobalSection(ProjectConfigurationPlatforms) = postSolution
		{D9CB33E3-782E-42B3-AFC6-0831F9BBC754}.Debug|x64.ActiveCfg = Debug|x64
		{D9CB33E3-782E-42B3-AFC6-0831F9BBC754}.Debug|x64.Build.0 = Debug|x64
		{D9CB33E3-782E-42B3-AFC6-0831F9BBC754}.Debug|x86.ActiveCfg = Debug|Win32
		{D9CB33E3-782E-42B3-AFC6-0831F9BBC754}.Debug|x86.Build.0 = Debug|Win32
		{D9CB33E3-782E-42B3-AFC6-0831F9BBC754}.Release|x64.ActiveCfg = Release|x64
		{D9CB33E3-782E-42B3-AFC6-0831F9BBC754}.Release|x64.Build.0 = Release|x64
		{D9CB33E3-782E-42B3-AFC6-0831F9BBC754}.Release|x86.ActiveCfg = Release|Win32
		{D9CB33E3-782E-42B3-AFC6-0831F9BBC754}.Release|x86.Build.0 = Release|Win32
	EndGlobalSection
	GlobalSection(SolutionProperties) = preSolution
		HideSolutionNode = FALSE
	EndGlobalSection
	GlobalSection(ExtensibilityGlobals) = postSolution
		SolutionGuid = {C77D141E-8A1C-4C3D-81AD-DBD740D0F911}
	EndGlobalSection
EndGlobal
